
Microsoft Visual Studio Solution File, Format Version 12.00
# Visual Studio Version 17
VisualStudioVersion = 17.6.33723.286
MinimumVisualStudioVersion = 10.0.40219.1
Project("{FAE04EC0-301F-11D3-BF4B-00C04F79EFBC}") = "StringPrograms", "StringPrograms\StringPrograms.csproj", "{50DA417B-E4D6-44BA-B605-ED577BCEC9DD}"
EndProject
Global
	GlobalSection(SolutionConfigurationPlatforms) = preSolution
		Debug|Any CPU = Debug|Any CPU
		Release|Any CPU = Release|Any CPU
	EndGlobalSection
	GlobalSection(ProjectConfigurationPlatforms) = postSolution
		{50DA417B-E4D6-44BA-B605-ED577BCEC9DD}.Debug|Any CPU.ActiveCfg = Debug|Any CPU
		{50DA417B-E4D6-44BA-B605-ED577BCEC9DD}.Debug|Any CPU.Build.0 = Debug|Any CPU
		{50DA417B-E4D6-44BA-B605-ED577BCEC9DD}.Release|Any CPU.ActiveCfg = Release|Any CPU
		{50DA417B-E4D6-44BA-B605-ED577BCEC9DD}.Release|Any CPU.Build.0 = Release|Any CPU
	EndGlobalSection
	GlobalSection(SolutionProperties) = preSolution
		HideSolutionNode = FALSE
	EndGlobalSection
	GlobalSection(ExtensibilityGlobals) = postSolution
		SolutionGuid = {44BCB55C-8DDE-4C4D-BD2A-5BBDFC0FC0DF}
	EndGlobalSection
EndGlobal
